// !$*UTF8*$!
{
	archiveVersion = 1;
	classes = {
	};
	objectVersion = 46;
	objects = {

/* Begin PBXBuildFile section */
		68308AD31A918E6900369EB6 /* WKHttpRequest.swift in Sources */ = {isa = PBXBuildFile; fileRef = 68308AD21A918E6900369EB6 /* WKHttpRequest.swift */; };
		686D37321A55887F0095EBEF /* CoreLocation.framework in Frameworks */ = {isa = PBXBuildFile; fileRef = 686D37311A55887F0095EBEF /* CoreLocation.framework */; };
		6876CE7A1A5B8B1900B426F8 /* NotificationCenter.framework in Frameworks */ = {isa = PBXBuildFile; fileRef = 6876CE791A5B8B1900B426F8 /* NotificationCenter.framework */; };
		6876CE7F1A5B8B1900B426F8 /* TodayViewController.swift in Sources */ = {isa = PBXBuildFile; fileRef = 6876CE7E1A5B8B1900B426F8 /* TodayViewController.swift */; };
		6876CE811A5B8B1900B426F8 /* MainInterface.storyboard in Resources */ = {isa = PBXBuildFile; fileRef = 6876CE801A5B8B1900B426F8 /* MainInterface.storyboard */; };
		6876CE841A5B8B1900B426F8 /* todayopen.appex in Embed App Extensions */ = {isa = PBXBuildFile; fileRef = 6876CE781A5B8B1900B426F8 /* todayopen.appex */; settings = {ATTRIBUTES = (RemoveHeadersOnCopy, ); }; };
		6876CE891A5B90E400B426F8 /* Images.xcassets in Resources */ = {isa = PBXBuildFile; fileRef = 6884755D19E6D7E100F0A416 /* Images.xcassets */; };
		6880FD9A1A1A397F00BABBE2 /* CoreMotion.framework in Frameworks */ = {isa = PBXBuildFile; fileRef = 6880FD991A1A397F00BABBE2 /* CoreMotion.framework */; };
		6884755719E6D7E100F0A416 /* AppDelegate.swift in Sources */ = {isa = PBXBuildFile; fileRef = 6884755619E6D7E100F0A416 /* AppDelegate.swift */; };
		6884755C19E6D7E100F0A416 /* Main.storyboard in Resources */ = {isa = PBXBuildFile; fileRef = 6884755A19E6D7E100F0A416 /* Main.storyboard */; };
		6884755E19E6D7E100F0A416 /* Images.xcassets in Resources */ = {isa = PBXBuildFile; fileRef = 6884755D19E6D7E100F0A416 /* Images.xcassets */; };
		6884756119E6D7E100F0A416 /* LaunchScreen.xib in Resources */ = {isa = PBXBuildFile; fileRef = 6884755F19E6D7E100F0A416 /* LaunchScreen.xib */; };
		6884757919E6DF4200F0A416 /* AVFoundation.framework in Frameworks */ = {isa = PBXBuildFile; fileRef = 6884757819E6DF4200F0A416 /* AVFoundation.framework */; };
		6884758319E81DBE00F0A416 /* AssetsLibrary.framework in Frameworks */ = {isa = PBXBuildFile; fileRef = 6884758219E81DBE00F0A416 /* AssetsLibrary.framework */; };
		6890DF681A285A13007E0BF2 /* MBProgressHUD.m in Sources */ = {isa = PBXBuildFile; fileRef = 6890DF671A285A13007E0BF2 /* MBProgressHUD.m */; };
		68B1058A1A5E5CBE00CC6C2E /* Extension.swift in Sources */ = {isa = PBXBuildFile; fileRef = 68B105761A5E5CBE00CC6C2E /* Extension.swift */; };
		68B1058D1A5E5CBE00CC6C2E /* WorkPreviewCollectionLayout.swift in Sources */ = {isa = PBXBuildFile; fileRef = 68B1057A1A5E5CBE00CC6C2E /* WorkPreviewCollectionLayout.swift */; };
		68B1058E1A5E5CBE00CC6C2E /* WorkPreviewCollectionViewCell.swift in Sources */ = {isa = PBXBuildFile; fileRef = 68B1057B1A5E5CBE00CC6C2E /* WorkPreviewCollectionViewCell.swift */; };
		68B1058F1A5E5CBE00CC6C2E /* WorkPreviewViewController.swift in Sources */ = {isa = PBXBuildFile; fileRef = 68B1057C1A5E5CBE00CC6C2E /* WorkPreviewViewController.swift */; };
		68B105901A5E5CBE00CC6C2E /* Workspace.swift in Sources */ = {isa = PBXBuildFile; fileRef = 68B1057D1A5E5CBE00CC6C2E /* Workspace.swift */; };
		68B105911A5E5CBE00CC6C2E /* WorkspaceCollectionViewCell.swift in Sources */ = {isa = PBXBuildFile; fileRef = 68B1057E1A5E5CBE00CC6C2E /* WorkspaceCollectionViewCell.swift */; };
		68B105921A5E5CBE00CC6C2E /* WorkspaceLayout.swift in Sources */ = {isa = PBXBuildFile; fileRef = 68B1057F1A5E5CBE00CC6C2E /* WorkspaceLayout.swift */; };
		68B105951A5E5CBE00CC6C2E /* WorkspaceNavigationViewController.swift in Sources */ = {isa = PBXBuildFile; fileRef = 68B105821A5E5CBE00CC6C2E /* WorkspaceNavigationViewController.swift */; };
		68B105961A5E5CBE00CC6C2E /* WorkspaceToolbar.swift in Sources */ = {isa = PBXBuildFile; fileRef = 68B105831A5E5CBE00CC6C2E /* WorkspaceToolbar.swift */; };
		68B105971A5E5CBE00CC6C2E /* WorkspaceToolbar.xib in Resources */ = {isa = PBXBuildFile; fileRef = 68B105841A5E5CBE00CC6C2E /* WorkspaceToolbar.xib */; };
		68B105981A5E5CBE00CC6C2E /* WorkspaceViewController.swift in Sources */ = {isa = PBXBuildFile; fileRef = 68B105851A5E5CBE00CC6C2E /* WorkspaceViewController.swift */; };
		68B105991A5E5CBE00CC6C2E /* SettingsNavigationController.swift in Sources */ = {isa = PBXBuildFile; fileRef = 68B105881A5E5CBE00CC6C2E /* SettingsNavigationController.swift */; };
		68B1059A1A5E5CBE00CC6C2E /* SettingsViewController.swift in Sources */ = {isa = PBXBuildFile; fileRef = 68B105891A5E5CBE00CC6C2E /* SettingsViewController.swift */; };
		68B1059D1A5E5E5900CC6C2E /* CameraViewController.swift in Sources */ = {isa = PBXBuildFile; fileRef = 68B1059B1A5E5E5900CC6C2E /* CameraViewController.swift */; };
		68B1059E1A5E5E5900CC6C2E /* CPPreviewView.swift in Sources */ = {isa = PBXBuildFile; fileRef = 68B1059C1A5E5E5900CC6C2E /* CPPreviewView.swift */; };
		68B105A21A5E5FF000CC6C2E /* WorkspaceToPreviewTransition.swift in Sources */ = {isa = PBXBuildFile; fileRef = 68B105A11A5E5FF000CC6C2E /* WorkspaceToPreviewTransition.swift */; };
		68B105A51A5E60D900CC6C2E /* PresentTransition.swift in Sources */ = {isa = PBXBuildFile; fileRef = 68B105A41A5E60D900CC6C2E /* PresentTransition.swift */; };
		68B105AA1A5E622600CC6C2E /* FlashButton.swift in Sources */ = {isa = PBXBuildFile; fileRef = 68B105A61A5E622600CC6C2E /* FlashButton.swift */; };
		68B105AB1A5E622600CC6C2E /* ViewFinder.swift in Sources */ = {isa = PBXBuildFile; fileRef = 68B105A71A5E622600CC6C2E /* ViewFinder.swift */; };
		68B105AC1A5E622600CC6C2E /* FocusControl.swift in Sources */ = {isa = PBXBuildFile; fileRef = 68B105A81A5E622600CC6C2E /* FocusControl.swift */; };
		68B105AD1A5E622600CC6C2E /* ExposureControl.swift in Sources */ = {isa = PBXBuildFile; fileRef = 68B105A91A5E622600CC6C2E /* ExposureControl.swift */; };
		68E307BA1A447D0E00F68BEB /* ImageIO.framework in Frameworks */ = {isa = PBXBuildFile; fileRef = 68E307B91A447D0E00F68BEB /* ImageIO.framework */; };
/* End PBXBuildFile section */

/* Begin PBXContainerItemProxy section */
		6876CE821A5B8B1900B426F8 /* PBXContainerItemProxy */ = {
			isa = PBXContainerItemProxy;
			containerPortal = 6884754919E6D7E100F0A416 /* Project object */;
			proxyType = 1;
			remoteGlobalIDString = 6876CE771A5B8B1900B426F8;
			remoteInfo = todayopen;
		};
/* End PBXContainerItemProxy section */

/* Begin PBXCopyFilesBuildPhase section */
		6876CE881A5B8B1900B426F8 /* Embed App Extensions */ = {
			isa = PBXCopyFilesBuildPhase;
			buildActionMask = 2147483647;
			dstPath = "";
			dstSubfolderSpec = 13;
			files = (
				6876CE841A5B8B1900B426F8 /* todayopen.appex in Embed App Extensions */,
			);
			name = "Embed App Extensions";
			runOnlyForDeploymentPostprocessing = 0;
		};
/* End PBXCopyFilesBuildPhase section */

/* Begin PBXFileReference section */
		68308AD21A918E6900369EB6 /* WKHttpRequest.swift */ = {isa = PBXFileReference; fileEncoding = 4; lastKnownFileType = sourcecode.swift; path = WKHttpRequest.swift; sourceTree = "<group>"; };
		685EEFA11A8C97230095BFDA /* capa.entitlements */ = {isa = PBXFileReference; lastKnownFileType = text.xml; path = capa.entitlements; sourceTree = "<group>"; };
		685EEFA21A8C97380095BFDA /* todayopen.entitlements */ = {isa = PBXFileReference; lastKnownFileType = text.xml; path = todayopen.entitlements; sourceTree = "<group>"; };
		686D37311A55887F0095EBEF /* CoreLocation.framework */ = {isa = PBXFileReference; lastKnownFileType = wrapper.framework; name = CoreLocation.framework; path = System/Library/Frameworks/CoreLocation.framework; sourceTree = SDKROOT; };
		6876CE781A5B8B1900B426F8 /* todayopen.appex */ = {isa = PBXFileReference; explicitFileType = "wrapper.app-extension"; includeInIndex = 0; path = todayopen.appex; sourceTree = BUILT_PRODUCTS_DIR; };
		6876CE791A5B8B1900B426F8 /* NotificationCenter.framework */ = {isa = PBXFileReference; lastKnownFileType = wrapper.framework; name = NotificationCenter.framework; path = System/Library/Frameworks/NotificationCenter.framework; sourceTree = SDKROOT; };
		6876CE7D1A5B8B1900B426F8 /* Info.plist */ = {isa = PBXFileReference; lastKnownFileType = text.plist.xml; path = Info.plist; sourceTree = "<group>"; };
		6876CE7E1A5B8B1900B426F8 /* TodayViewController.swift */ = {isa = PBXFileReference; lastKnownFileType = sourcecode.swift; path = TodayViewController.swift; sourceTree = "<group>"; };
		6876CE801A5B8B1900B426F8 /* MainInterface.storyboard */ = {isa = PBXFileReference; lastKnownFileType = file.storyboard; path = MainInterface.storyboard; sourceTree = "<group>"; };
		6880FD991A1A397F00BABBE2 /* CoreMotion.framework */ = {isa = PBXFileReference; lastKnownFileType = wrapper.framework; name = CoreMotion.framework; path = System/Library/Frameworks/CoreMotion.framework; sourceTree = SDKROOT; };
		6884755119E6D7E100F0A416 /* capa.app */ = {isa = PBXFileReference; explicitFileType = wrapper.application; includeInIndex = 0; path = capa.app; sourceTree = BUILT_PRODUCTS_DIR; };
		6884755519E6D7E100F0A416 /* Info.plist */ = {isa = PBXFileReference; lastKnownFileType = text.plist.xml; path = Info.plist; sourceTree = "<group>"; };
		6884755619E6D7E100F0A416 /* AppDelegate.swift */ = {isa = PBXFileReference; lastKnownFileType = sourcecode.swift; path = AppDelegate.swift; sourceTree = "<group>"; };
		6884755B19E6D7E100F0A416 /* Base */ = {isa = PBXFileReference; lastKnownFileType = file.storyboard; name = Base; path = Base.lproj/Main.storyboard; sourceTree = "<group>"; };
		6884755D19E6D7E100F0A416 /* Images.xcassets */ = {isa = PBXFileReference; lastKnownFileType = folder.assetcatalog; path = Images.xcassets; sourceTree = "<group>"; };
		6884756019E6D7E100F0A416 /* Base */ = {isa = PBXFileReference; lastKnownFileType = file.xib; name = Base; path = Base.lproj/LaunchScreen.xib; sourceTree = "<group>"; };
		6884757819E6DF4200F0A416 /* AVFoundation.framework */ = {isa = PBXFileReference; lastKnownFileType = wrapper.framework; name = AVFoundation.framework; path = System/Library/Frameworks/AVFoundation.framework; sourceTree = SDKROOT; };
		6884758219E81DBE00F0A416 /* AssetsLibrary.framework */ = {isa = PBXFileReference; lastKnownFileType = wrapper.framework; name = AssetsLibrary.framework; path = System/Library/Frameworks/AssetsLibrary.framework; sourceTree = SDKROOT; };
		6890DF661A285A13007E0BF2 /* MBProgressHUD.h */ = {isa = PBXFileReference; fileEncoding = 4; lastKnownFileType = sourcecode.c.h; path = MBProgressHUD.h; sourceTree = "<group>"; };
		6890DF671A285A13007E0BF2 /* MBProgressHUD.m */ = {isa = PBXFileReference; fileEncoding = 4; lastKnownFileType = sourcecode.c.objc; path = MBProgressHUD.m; sourceTree = "<group>"; };
		6890DF691A285AB9007E0BF2 /* Capa-Swift-Header.h */ = {isa = PBXFileReference; lastKnownFileType = sourcecode.c.h; path = "Capa-Swift-Header.h"; sourceTree = "<group>"; };
		68B105761A5E5CBE00CC6C2E /* Extension.swift */ = {isa = PBXFileReference; fileEncoding = 4; lastKnownFileType = sourcecode.swift; path = Extension.swift; sourceTree = "<group>"; };
		68B1057A1A5E5CBE00CC6C2E /* WorkPreviewCollectionLayout.swift */ = {isa = PBXFileReference; fileEncoding = 4; lastKnownFileType = sourcecode.swift; path = WorkPreviewCollectionLayout.swift; sourceTree = "<group>"; };
		68B1057B1A5E5CBE00CC6C2E /* WorkPreviewCollectionViewCell.swift */ = {isa = PBXFileReference; fileEncoding = 4; lastKnownFileType = sourcecode.swift; path = WorkPreviewCollectionViewCell.swift; sourceTree = "<group>"; };
		68B1057C1A5E5CBE00CC6C2E /* WorkPreviewViewController.swift */ = {isa = PBXFileReference; fileEncoding = 4; lastKnownFileType = sourcecode.swift; path = WorkPreviewViewController.swift; sourceTree = "<group>"; };
		68B1057D1A5E5CBE00CC6C2E /* Workspace.swift */ = {isa = PBXFileReference; fileEncoding = 4; lastKnownFileType = sourcecode.swift; path = Workspace.swift; sourceTree = "<group>"; };
		68B1057E1A5E5CBE00CC6C2E /* WorkspaceCollectionViewCell.swift */ = {isa = PBXFileReference; fileEncoding = 4; lastKnownFileType = sourcecode.swift; path = WorkspaceCollectionViewCell.swift; sourceTree = "<group>"; };
		68B1057F1A5E5CBE00CC6C2E /* WorkspaceLayout.swift */ = {isa = PBXFileReference; fileEncoding = 4; lastKnownFileType = sourcecode.swift; path = WorkspaceLayout.swift; sourceTree = "<group>"; };
		68B105821A5E5CBE00CC6C2E /* WorkspaceNavigationViewController.swift */ = {isa = PBXFileReference; fileEncoding = 4; lastKnownFileType = sourcecode.swift; path = WorkspaceNavigationViewController.swift; sourceTree = "<group>"; };
		68B105831A5E5CBE00CC6C2E /* WorkspaceToolbar.swift */ = {isa = PBXFileReference; fileEncoding = 4; lastKnownFileType = sourcecode.swift; path = WorkspaceToolbar.swift; sourceTree = "<group>"; };
		68B105841A5E5CBE00CC6C2E /* WorkspaceToolbar.xib */ = {isa = PBXFileReference; fileEncoding = 4; lastKnownFileType = file.xib; path = WorkspaceToolbar.xib; sourceTree = "<group>"; };
		68B105851A5E5CBE00CC6C2E /* WorkspaceViewController.swift */ = {isa = PBXFileReference; fileEncoding = 4; lastKnownFileType = sourcecode.swift; path = WorkspaceViewController.swift; sourceTree = "<group>"; };
		68B105881A5E5CBE00CC6C2E /* SettingsNavigationController.swift */ = {isa = PBXFileReference; fileEncoding = 4; lastKnownFileType = sourcecode.swift; path = SettingsNavigationController.swift; sourceTree = "<group>"; };
		68B105891A5E5CBE00CC6C2E /* SettingsViewController.swift */ = {isa = PBXFileReference; fileEncoding = 4; lastKnownFileType = sourcecode.swift; path = SettingsViewController.swift; sourceTree = "<group>"; };
		68B1059B1A5E5E5900CC6C2E /* CameraViewController.swift */ = {isa = PBXFileReference; fileEncoding = 4; lastKnownFileType = sourcecode.swift; path = CameraViewController.swift; sourceTree = "<group>"; };
		68B1059C1A5E5E5900CC6C2E /* CPPreviewView.swift */ = {isa = PBXFileReference; fileEncoding = 4; lastKnownFileType = sourcecode.swift; path = CPPreviewView.swift; sourceTree = "<group>"; };
		68B105A11A5E5FF000CC6C2E /* WorkspaceToPreviewTransition.swift */ = {isa = PBXFileReference; fileEncoding = 4; lastKnownFileType = sourcecode.swift; path = WorkspaceToPreviewTransition.swift; sourceTree = "<group>"; };
		68B105A41A5E60D900CC6C2E /* PresentTransition.swift */ = {isa = PBXFileReference; fileEncoding = 4; lastKnownFileType = sourcecode.swift; name = PresentTransition.swift; path = transition/PresentTransition.swift; sourceTree = "<group>"; };
		68B105A61A5E622600CC6C2E /* FlashButton.swift */ = {isa = PBXFileReference; fileEncoding = 4; lastKnownFileType = sourcecode.swift; path = FlashButton.swift; sourceTree = "<group>"; };
		68B105A71A5E622600CC6C2E /* ViewFinder.swift */ = {isa = PBXFileReference; fileEncoding = 4; lastKnownFileType = sourcecode.swift; path = ViewFinder.swift; sourceTree = "<group>"; };
		68B105A81A5E622600CC6C2E /* FocusControl.swift */ = {isa = PBXFileReference; fileEncoding = 4; lastKnownFileType = sourcecode.swift; path = FocusControl.swift; sourceTree = "<group>"; };
		68B105A91A5E622600CC6C2E /* ExposureControl.swift */ = {isa = PBXFileReference; fileEncoding = 4; lastKnownFileType = sourcecode.swift; path = ExposureControl.swift; sourceTree = "<group>"; };
		68E307B91A447D0E00F68BEB /* ImageIO.framework */ = {isa = PBXFileReference; lastKnownFileType = wrapper.framework; name = ImageIO.framework; path = System/Library/Frameworks/ImageIO.framework; sourceTree = SDKROOT; };
/* End PBXFileReference section */

/* Begin PBXFrameworksBuildPhase section */
		6876CE751A5B8B1900B426F8 /* Frameworks */ = {
			isa = PBXFrameworksBuildPhase;
			buildActionMask = 2147483647;
			files = (
				6876CE7A1A5B8B1900B426F8 /* NotificationCenter.framework in Frameworks */,
			);
			runOnlyForDeploymentPostprocessing = 0;
		};
		6884754E19E6D7E100F0A416 /* Frameworks */ = {
			isa = PBXFrameworksBuildPhase;
			buildActionMask = 2147483647;
			files = (
				686D37321A55887F0095EBEF /* CoreLocation.framework in Frameworks */,
				68E307BA1A447D0E00F68BEB /* ImageIO.framework in Frameworks */,
				6880FD9A1A1A397F00BABBE2 /* CoreMotion.framework in Frameworks */,
				6884758319E81DBE00F0A416 /* AssetsLibrary.framework in Frameworks */,
				6884757919E6DF4200F0A416 /* AVFoundation.framework in Frameworks */,
			);
			runOnlyForDeploymentPostprocessing = 0;
		};
/* End PBXFrameworksBuildPhase section */

/* Begin PBXGroup section */
		68308AD11A918E6900369EB6 /* WKHttpRequest */ = {
			isa = PBXGroup;
			children = (
				68308AD21A918E6900369EB6 /* WKHttpRequest.swift */,
			);
			path = WKHttpRequest;
			sourceTree = "<group>";
		};
		6876CE7B1A5B8B1900B426F8 /* todayopen */ = {
			isa = PBXGroup;
			children = (
				685EEFA21A8C97380095BFDA /* todayopen.entitlements */,
				6876CE7E1A5B8B1900B426F8 /* TodayViewController.swift */,
				6876CE801A5B8B1900B426F8 /* MainInterface.storyboard */,
				6876CE7C1A5B8B1900B426F8 /* Supporting Files */,
			);
			path = todayopen;
			sourceTree = "<group>";
		};
		6876CE7C1A5B8B1900B426F8 /* Supporting Files */ = {
			isa = PBXGroup;
			children = (
				6876CE7D1A5B8B1900B426F8 /* Info.plist */,
			);
			name = "Supporting Files";
			sourceTree = "<group>";
		};
		6880FD9B1A1A4AF200BABBE2 /* Frameworks */ = {
			isa = PBXGroup;
			children = (
				686D37311A55887F0095EBEF /* CoreLocation.framework */,
				68E307B91A447D0E00F68BEB /* ImageIO.framework */,
				6880FD991A1A397F00BABBE2 /* CoreMotion.framework */,
				6884758219E81DBE00F0A416 /* AssetsLibrary.framework */,
				6884757819E6DF4200F0A416 /* AVFoundation.framework */,
				6876CE791A5B8B1900B426F8 /* NotificationCenter.framework */,
			);
			name = Frameworks;
			sourceTree = "<group>";
		};
		6884754819E6D7E100F0A416 = {
			isa = PBXGroup;
			children = (
				68308AD11A918E6900369EB6 /* WKHttpRequest */,
				6890DF651A285A13007E0BF2 /* MBProgressHUD */,
				6876CE7B1A5B8B1900B426F8 /* todayopen */,
				6880FD9B1A1A4AF200BABBE2 /* Frameworks */,
				6884755319E6D7E100F0A416 /* capa */,
				6884755219E6D7E100F0A416 /* Products */,
			);
			sourceTree = "<group>";
		};
		6884755219E6D7E100F0A416 /* Products */ = {
			isa = PBXGroup;
			children = (
				6884755119E6D7E100F0A416 /* capa.app */,
				6876CE781A5B8B1900B426F8 /* todayopen.appex */,
			);
			name = Products;
			sourceTree = "<group>";
		};
		6884755319E6D7E100F0A416 /* capa */ = {
			isa = PBXGroup;
			children = (
				685EEFA11A8C97230095BFDA /* capa.entitlements */,
				68B105A31A5E60A600CC6C2E /* transition */,
				68B105751A5E5CBE00CC6C2E /* extension */,
				68B105861A5E5CBE00CC6C2E /* camera */,
				68B105771A5E5CBE00CC6C2E /* workspace */,
				68B105871A5E5CBE00CC6C2E /* settings */,
				6884755619E6D7E100F0A416 /* AppDelegate.swift */,
				6884755A19E6D7E100F0A416 /* Main.storyboard */,
				6884755D19E6D7E100F0A416 /* Images.xcassets */,
				6884755F19E6D7E100F0A416 /* LaunchScreen.xib */,
				6884755419E6D7E100F0A416 /* Supporting Files */,
				6890DF691A285AB9007E0BF2 /* Capa-Swift-Header.h */,
			);
			path = capa;
			sourceTree = "<group>";
		};
		6884755419E6D7E100F0A416 /* Supporting Files */ = {
			isa = PBXGroup;
			children = (
				6884755519E6D7E100F0A416 /* Info.plist */,
			);
			name = "Supporting Files";
			sourceTree = "<group>";
		};
		6890DF651A285A13007E0BF2 /* MBProgressHUD */ = {
			isa = PBXGroup;
			children = (
				6890DF661A285A13007E0BF2 /* MBProgressHUD.h */,
				6890DF671A285A13007E0BF2 /* MBProgressHUD.m */,
			);
			path = MBProgressHUD;
			sourceTree = "<group>";
		};
		68B105751A5E5CBE00CC6C2E /* extension */ = {
			isa = PBXGroup;
			children = (
				68B105761A5E5CBE00CC6C2E /* Extension.swift */,
			);
			path = extension;
			sourceTree = "<group>";
		};
		68B105771A5E5CBE00CC6C2E /* workspace */ = {
			isa = PBXGroup;
			children = (
				68B105A11A5E5FF000CC6C2E /* WorkspaceToPreviewTransition.swift */,
				68B1057D1A5E5CBE00CC6C2E /* Workspace.swift */,
				68B105821A5E5CBE00CC6C2E /* WorkspaceNavigationViewController.swift */,
				68B105851A5E5CBE00CC6C2E /* WorkspaceViewController.swift */,
				68B1057E1A5E5CBE00CC6C2E /* WorkspaceCollectionViewCell.swift */,
				68B1057F1A5E5CBE00CC6C2E /* WorkspaceLayout.swift */,
				68B105831A5E5CBE00CC6C2E /* WorkspaceToolbar.swift */,
				68B105841A5E5CBE00CC6C2E /* WorkspaceToolbar.xib */,
				68B1057C1A5E5CBE00CC6C2E /* WorkPreviewViewController.swift */,
				68B1057A1A5E5CBE00CC6C2E /* WorkPreviewCollectionLayout.swift */,
				68B1057B1A5E5CBE00CC6C2E /* WorkPreviewCollectionViewCell.swift */,
			);
			path = workspace;
			sourceTree = "<group>";
		};
		68B105861A5E5CBE00CC6C2E /* camera */ = {
			isa = PBXGroup;
			children = (
				68B1059B1A5E5E5900CC6C2E /* CameraViewController.swift */,
				68B1059C1A5E5E5900CC6C2E /* CPPreviewView.swift */,
				68B105A61A5E622600CC6C2E /* FlashButton.swift */,
				68B105A71A5E622600CC6C2E /* ViewFinder.swift */,
				68B105A81A5E622600CC6C2E /* FocusControl.swift */,
				68B105A91A5E622600CC6C2E /* ExposureControl.swift */,
			);
			path = camera;
			sourceTree = "<group>";
		};
		68B105871A5E5CBE00CC6C2E /* settings */ = {
			isa = PBXGroup;
			children = (
				68B105881A5E5CBE00CC6C2E /* SettingsNavigationController.swift */,
				68B105891A5E5CBE00CC6C2E /* SettingsViewController.swift */,
			);
			path = settings;
			sourceTree = "<group>";
		};
		68B105A31A5E60A600CC6C2E /* transition */ = {
			isa = PBXGroup;
			children = (
				68B105A41A5E60D900CC6C2E /* PresentTransition.swift */,
			);
			name = transition;
			sourceTree = "<group>";
		};
/* End PBXGroup section */

/* Begin PBXNativeTarget section */
		6876CE771A5B8B1900B426F8 /* todayopen */ = {
			isa = PBXNativeTarget;
			buildConfigurationList = 6876CE871A5B8B1900B426F8 /* Build configuration list for PBXNativeTarget "todayopen" */;
			buildPhases = (
				6876CE741A5B8B1900B426F8 /* Sources */,
				6876CE751A5B8B1900B426F8 /* Frameworks */,
				6876CE761A5B8B1900B426F8 /* Resources */,
			);
			buildRules = (
			);
			dependencies = (
			);
			name = todayopen;
			productName = todayopen;
			productReference = 6876CE781A5B8B1900B426F8 /* todayopen.appex */;
			productType = "com.apple.product-type.app-extension";
		};
		6884755019E6D7E100F0A416 /* capa */ = {
			isa = PBXNativeTarget;
			buildConfigurationList = 6884757019E6D7E100F0A416 /* Build configuration list for PBXNativeTarget "capa" */;
			buildPhases = (
				6884754D19E6D7E100F0A416 /* Sources */,
				6884754E19E6D7E100F0A416 /* Frameworks */,
				6884754F19E6D7E100F0A416 /* Resources */,
				6876CE881A5B8B1900B426F8 /* Embed App Extensions */,
			);
			buildRules = (
			);
			dependencies = (
				6876CE831A5B8B1900B426F8 /* PBXTargetDependency */,
			);
			name = capa;
			productName = capa;
			productReference = 6884755119E6D7E100F0A416 /* capa.app */;
			productType = "com.apple.product-type.application";
		};
/* End PBXNativeTarget section */

/* Begin PBXProject section */
		6884754919E6D7E100F0A416 /* Project object */ = {
			isa = PBXProject;
			attributes = {
				LastUpgradeCheck = 0600;
				ORGANIZATIONNAME = "秦 道平";
				TargetAttributes = {
					6876CE771A5B8B1900B426F8 = {
						CreatedOnToolsVersion = 6.1.1;
						DevelopmentTeam = 977Q568972;
						SystemCapabilities = {
							com.apple.ApplicationGroups.iOS = {
								enabled = 1;
							};
						};
					};
					6884755019E6D7E100F0A416 = {
						CreatedOnToolsVersion = 6.0.1;
						DevelopmentTeam = 977Q568972;
						SystemCapabilities = {
							com.apple.ApplicationGroups.iOS = {
								enabled = 1;
							};
						};
					};
				};
			};
			buildConfigurationList = 6884754C19E6D7E100F0A416 /* Build configuration list for PBXProject "capa" */;
			compatibilityVersion = "Xcode 3.2";
			developmentRegion = English;
			hasScannedForEncodings = 0;
			knownRegions = (
				en,
				Base,
			);
			mainGroup = 6884754819E6D7E100F0A416;
			productRefGroup = 6884755219E6D7E100F0A416 /* Products */;
			projectDirPath = "";
			projectRoot = "";
			targets = (
				6884755019E6D7E100F0A416 /* capa */,
				6876CE771A5B8B1900B426F8 /* todayopen */,
			);
		};
/* End PBXProject section */

/* Begin PBXResourcesBuildPhase section */
		6876CE761A5B8B1900B426F8 /* Resources */ = {
			isa = PBXResourcesBuildPhase;
			buildActionMask = 2147483647;
			files = (
				6876CE811A5B8B1900B426F8 /* MainInterface.storyboard in Resources */,
				6876CE891A5B90E400B426F8 /* Images.xcassets in Resources */,
			);
			runOnlyForDeploymentPostprocessing = 0;
		};
		6884754F19E6D7E100F0A416 /* Resources */ = {
			isa = PBXResourcesBuildPhase;
			buildActionMask = 2147483647;
			files = (
				6884755C19E6D7E100F0A416 /* Main.storyboard in Resources */,
				6884756119E6D7E100F0A416 /* LaunchScreen.xib in Resources */,
				6884755E19E6D7E100F0A416 /* Images.xcassets in Resources */,
				68B105971A5E5CBE00CC6C2E /* WorkspaceToolbar.xib in Resources */,
			);
			runOnlyForDeploymentPostprocessing = 0;
		};
/* End PBXResourcesBuildPhase section */

/* Begin PBXSourcesBuildPhase section */
		6876CE741A5B8B1900B426F8 /* Sources */ = {
			isa = PBXSourcesBuildPhase;
			buildActionMask = 2147483647;
			files = (
				6876CE7F1A5B8B1900B426F8 /* TodayViewController.swift in Sources */,
			);
			runOnlyForDeploymentPostprocessing = 0;
		};
		6884754D19E6D7E100F0A416 /* Sources */ = {
			isa = PBXSourcesBuildPhase;
			buildActionMask = 2147483647;
			files = (
				6884755719E6D7E100F0A416 /* AppDelegate.swift in Sources */,
				68B105A51A5E60D900CC6C2E /* PresentTransition.swift in Sources */,
				68B1059D1A5E5E5900CC6C2E /* CameraViewController.swift in Sources */,
				68B105901A5E5CBE00CC6C2E /* Workspace.swift in Sources */,
				68B1058F1A5E5CBE00CC6C2E /* WorkPreviewViewController.swift in Sources */,
				68B1058D1A5E5CBE00CC6C2E /* WorkPreviewCollectionLayout.swift in Sources */,
				68B1058E1A5E5CBE00CC6C2E /* WorkPreviewCollectionViewCell.swift in Sources */,
				68B1059E1A5E5E5900CC6C2E /* CPPreviewView.swift in Sources */,
				68B105961A5E5CBE00CC6C2E /* WorkspaceToolbar.swift in Sources */,
				68B1059A1A5E5CBE00CC6C2E /* SettingsViewController.swift in Sources */,
				68B105AA1A5E622600CC6C2E /* FlashButton.swift in Sources */,
				68B105951A5E5CBE00CC6C2E /* WorkspaceNavigationViewController.swift in Sources */,
				68B105911A5E5CBE00CC6C2E /* WorkspaceCollectionViewCell.swift in Sources */,
				68B105A21A5E5FF000CC6C2E /* WorkspaceToPreviewTransition.swift in Sources */,
				68B105AB1A5E622600CC6C2E /* ViewFinder.swift in Sources */,
				6890DF681A285A13007E0BF2 /* MBProgressHUD.m in Sources */,
				68308AD31A918E6900369EB6 /* WKHttpRequest.swift in Sources */,
				68B105921A5E5CBE00CC6C2E /* WorkspaceLayout.swift in Sources */,
				68B105991A5E5CBE00CC6C2E /* SettingsNavigationController.swift in Sources */,
				68B105AC1A5E622600CC6C2E /* FocusControl.swift in Sources */,
				68B1058A1A5E5CBE00CC6C2E /* Extension.swift in Sources */,
				68B105AD1A5E622600CC6C2E /* ExposureControl.swift in Sources */,
				68B105981A5E5CBE00CC6C2E /* WorkspaceViewController.swift in Sources */,
			);
			runOnlyForDeploymentPostprocessing = 0;
		};
/* End PBXSourcesBuildPhase section */

/* Begin PBXTargetDependency section */
		6876CE831A5B8B1900B426F8 /* PBXTargetDependency */ = {
			isa = PBXTargetDependency;
			target = 6876CE771A5B8B1900B426F8 /* todayopen */;
			targetProxy = 6876CE821A5B8B1900B426F8 /* PBXContainerItemProxy */;
		};
/* End PBXTargetDependency section */

/* Begin PBXVariantGroup section */
		6884755A19E6D7E100F0A416 /* Main.storyboard */ = {
			isa = PBXVariantGroup;
			children = (
				6884755B19E6D7E100F0A416 /* Base */,
			);
			name = Main.storyboard;
			sourceTree = "<group>";
		};
		6884755F19E6D7E100F0A416 /* LaunchScreen.xib */ = {
			isa = PBXVariantGroup;
			children = (
				6884756019E6D7E100F0A416 /* Base */,
			);
			name = LaunchScreen.xib;
			sourceTree = "<group>";
		};
/* End PBXVariantGroup section */

/* Begin XCBuildConfiguration section */
		6876CE851A5B8B1900B426F8 /* Debug */ = {
			isa = XCBuildConfiguration;
			buildSettings = {
				ASSETCATALOG_COMPILER_LAUNCHIMAGE_NAME = LaunchImage;
				CODE_SIGN_ENTITLEMENTS = todayopen/todayopen.entitlements;
				CODE_SIGN_IDENTITY = "iPhone Developer";
				"CODE_SIGN_IDENTITY[sdk=iphoneos*]" = "iPhone Developer";
				GCC_PREPROCESSOR_DEFINITIONS = (
					"DEBUG=1",
					"$(inherited)",
				);
				INFOPLIST_FILE = todayopen/Info.plist;
				IPHONEOS_DEPLOYMENT_TARGET = 8.1;
				LD_RUNPATH_SEARCH_PATHS = "$(inherited) @executable_path/Frameworks @executable_path/../../Frameworks";
				PRODUCT_NAME = "$(TARGET_NAME)";
				PROVISIONING_PROFILE = "";
				SKIP_INSTALL = YES;
			};
			name = Debug;
		};
		6876CE861A5B8B1900B426F8 /* Release */ = {
			isa = XCBuildConfiguration;
			buildSettings = {
				ASSETCATALOG_COMPILER_LAUNCHIMAGE_NAME = LaunchImage;
				CODE_SIGN_ENTITLEMENTS = todayopen/todayopen.entitlements;
				CODE_SIGN_IDENTITY = "iPhone Developer";
				"CODE_SIGN_IDENTITY[sdk=iphoneos*]" = "iPhone Developer";
				INFOPLIST_FILE = todayopen/Info.plist;
				IPHONEOS_DEPLOYMENT_TARGET = 8.1;
				LD_RUNPATH_SEARCH_PATHS = "$(inherited) @executable_path/Frameworks @executable_path/../../Frameworks";
				PRODUCT_NAME = "$(TARGET_NAME)";
				PROVISIONING_PROFILE = "";
				SKIP_INSTALL = YES;
			};
			name = Release;
		};
		6884756E19E6D7E100F0A416 /* Debug */ = {
			isa = XCBuildConfiguration;
			buildSettings = {
				ALWAYS_SEARCH_USER_PATHS = NO;
				CLANG_CXX_LANGUAGE_STANDARD = "gnu++0x";
				CLANG_CXX_LIBRARY = "libc++";
				CLANG_ENABLE_MODULES = YES;
				CLANG_ENABLE_OBJC_ARC = YES;
				CLANG_WARN_BOOL_CONVERSION = YES;
				CLANG_WARN_CONSTANT_CONVERSION = YES;
				CLANG_WARN_DIRECT_OBJC_ISA_USAGE = YES_ERROR;
				CLANG_WARN_EMPTY_BODY = YES;
				CLANG_WARN_ENUM_CONVERSION = YES;
				CLANG_WARN_INT_CONVERSION = YES;
				CLANG_WARN_OBJC_ROOT_CLASS = YES_ERROR;
				CLANG_WARN_UNREACHABLE_CODE = YES;
				CLANG_WARN__DUPLICATE_METHOD_MATCH = YES;
				"CODE_SIGN_IDENTITY[sdk=iphoneos*]" = "iPhone Developer";
				COPY_PHASE_STRIP = NO;
				ENABLE_STRICT_OBJC_MSGSEND = YES;
				GCC_C_LANGUAGE_STANDARD = gnu99;
				GCC_DYNAMIC_NO_PIC = NO;
				GCC_OPTIMIZATION_LEVEL = 0;
				GCC_PREPROCESSOR_DEFINITIONS = (
					"DEBUG=1",
					"$(inherited)",
				);
				GCC_SYMBOLS_PRIVATE_EXTERN = NO;
				GCC_WARN_64_TO_32_BIT_CONVERSION = YES;
				GCC_WARN_ABOUT_RETURN_TYPE = YES_ERROR;
				GCC_WARN_UNDECLARED_SELECTOR = YES;
				GCC_WARN_UNINITIALIZED_AUTOS = YES_AGGRESSIVE;
				GCC_WARN_UNUSED_FUNCTION = YES;
				GCC_WARN_UNUSED_VARIABLE = YES;
				IPHONEOS_DEPLOYMENT_TARGET = 8.0;
				MTL_ENABLE_DEBUG_INFO = YES;
				ONLY_ACTIVE_ARCH = YES;
				SDKROOT = iphoneos;
				SWIFT_OPTIMIZATION_LEVEL = "-Onone";
			};
			name = Debug;
		};
		6884756F19E6D7E100F0A416 /* Release */ = {
			isa = XCBuildConfiguration;
			buildSettings = {
				ALWAYS_SEARCH_USER_PATHS = NO;
				CLANG_CXX_LANGUAGE_STANDARD = "gnu++0x";
				CLANG_CXX_LIBRARY = "libc++";
				CLANG_ENABLE_MODULES = YES;
				CLANG_ENABLE_OBJC_ARC = YES;
				CLANG_WARN_BOOL_CONVERSION = YES;
				CLANG_WARN_CONSTANT_CONVERSION = YES;
				CLANG_WARN_DIRECT_OBJC_ISA_USAGE = YES_ERROR;
				CLANG_WARN_EMPTY_BODY = YES;
				CLANG_WARN_ENUM_CONVERSION = YES;
				CLANG_WARN_INT_CONVERSION = YES;
				CLANG_WARN_OBJC_ROOT_CLASS = YES_ERROR;
				CLANG_WARN_UNREACHABLE_CODE = YES;
				CLANG_WARN__DUPLICATE_METHOD_MATCH = YES;
				"CODE_SIGN_IDENTITY[sdk=iphoneos*]" = "iPhone Developer";
				COPY_PHASE_STRIP = YES;
				ENABLE_NS_ASSERTIONS = NO;
				ENABLE_STRICT_OBJC_MSGSEND = YES;
				GCC_C_LANGUAGE_STANDARD = gnu99;
				GCC_WARN_64_TO_32_BIT_CONVERSION = YES;
				GCC_WARN_ABOUT_RETURN_TYPE = YES_ERROR;
				GCC_WARN_UNDECLARED_SELECTOR = YES;
				GCC_WARN_UNINITIALIZED_AUTOS = YES_AGGRESSIVE;
				GCC_WARN_UNUSED_FUNCTION = YES;
				GCC_WARN_UNUSED_VARIABLE = YES;
				IPHONEOS_DEPLOYMENT_TARGET = 8.0;
				MTL_ENABLE_DEBUG_INFO = NO;
				SDKROOT = iphoneos;
				VALIDATE_PRODUCT = YES;
			};
			name = Release;
		};
		6884757119E6D7E100F0A416 /* Debug */ = {
			isa = XCBuildConfiguration;
			buildSettings = {
				ASSETCATALOG_COMPILER_APPICON_NAME = AppIcon;
				CODE_SIGN_ENTITLEMENTS = capa/capa.entitlements;
				CODE_SIGN_IDENTITY = "iPhone Developer";
				"CODE_SIGN_IDENTITY[sdk=iphoneos*]" = "iPhone Developer";
				EMBEDDED_CONTENT_CONTAINS_SWIFT = YES;
				INFOPLIST_FILE = capa/Info.plist;
				LD_RUNPATH_SEARCH_PATHS = "$(inherited) @executable_path/Frameworks";
				PRODUCT_NAME = "$(TARGET_NAME)";
				PROVISIONING_PROFILE = "";
				SWIFT_OBJC_BRIDGING_HEADER = "capa/Capa-Swift-Header.h";
			};
			name = Debug;
		};
		6884757219E6D7E100F0A416 /* Release */ = {
			isa = XCBuildConfiguration;
			buildSettings = {
				ASSETCATALOG_COMPILER_APPICON_NAME = AppIcon;
				CODE_SIGN_ENTITLEMENTS = capa/capa.entitlements;
				CODE_SIGN_IDENTITY = "iPhone Developer";
				"CODE_SIGN_IDENTITY[sdk=iphoneos*]" = "iPhone Developer";
				EMBEDDED_CONTENT_CONTAINS_SWIFT = YES;
				INFOPLIST_FILE = capa/Info.plist;
				LD_RUNPATH_SEARCH_PATHS = "$(inherited) @executable_path/Frameworks";
				PRODUCT_NAME = "$(TARGET_NAME)";
				PROVISIONING_PROFILE = "";
				SWIFT_OBJC_BRIDGING_HEADER = "capa/Capa-Swift-Header.h";
			};
			name = Release;
		};
/* End XCBuildConfiguration section */

/* Begin XCConfigurationList section */
		6876CE871A5B8B1900B426F8 /* Build configuration list for PBXNativeTarget "todayopen" */ = {
			isa = XCConfigurationList;
			buildConfigurations = (
				6876CE851A5B8B1900B426F8 /* Debug */,
				6876CE861A5B8B1900B426F8 /* Release */,
			);
			defaultConfigurationIsVisible = 0;
			defaultConfigurationName = Release;
		};
		6884754C19E6D7E100F0A416 /* Build configuration list for PBXProject "capa" */ = {
			isa = XCConfigurationList;
			buildConfigurations = (
				6884756E19E6D7E100F0A416 /* Debug */,
				6884756F19E6D7E100F0A416 /* Release */,
			);
			defaultConfigurationIsVisible = 0;
			defaultConfigurationName = Release;
		};
		6884757019E6D7E100F0A416 /* Build configuration list for PBXNativeTarget "capa" */ = {
			isa = XCConfigurationList;
			buildConfigurations = (
				6884757119E6D7E100F0A416 /* Debug */,
				6884757219E6D7E100F0A416 /* Release */,
			);
			defaultConfigurationIsVisible = 0;
			defaultConfigurationName = Release;
		};
/* End XCConfigurationList section */
	};
	rootObject = 6884754919E6D7E100F0A416 /* Project object */;
}
