// !$*UTF8*$!
{
	archiveVersion = 1;
	classes = {
	};
	objectVersion = 46;
	objects = {

/* Begin PBXBuildFile section */
		682A3DCA19FE3DA200680AAF /* ValuedButton.swift in Sources */ = {isa = PBXBuildFile; fileRef = 682A3DC919FE3DA200680AAF /* ValuedButton.swift */; };
		68332FEC19F7FEDB006CF89F /* CameraViewController.swift in Sources */ = {isa = PBXBuildFile; fileRef = 68332FEB19F7FEDB006CF89F /* CameraViewController.swift */; };
		6855A6D71A03D72500728244 /* ExposureControl.swift in Sources */ = {isa = PBXBuildFile; fileRef = 6855A6D61A03D72500728244 /* ExposureControl.swift */; };
		6871761C1A0277E00008F0F0 /* FocusControl.swift in Sources */ = {isa = PBXBuildFile; fileRef = 6871761B1A0277E00008F0F0 /* FocusControl.swift */; };
		6884755719E6D7E100F0A416 /* AppDelegate.swift in Sources */ = {isa = PBXBuildFile; fileRef = 6884755619E6D7E100F0A416 /* AppDelegate.swift */; };
		6884755C19E6D7E100F0A416 /* Main.storyboard in Resources */ = {isa = PBXBuildFile; fileRef = 6884755A19E6D7E100F0A416 /* Main.storyboard */; };
		6884755E19E6D7E100F0A416 /* Images.xcassets in Resources */ = {isa = PBXBuildFile; fileRef = 6884755D19E6D7E100F0A416 /* Images.xcassets */; };
		6884756119E6D7E100F0A416 /* LaunchScreen.xib in Resources */ = {isa = PBXBuildFile; fileRef = 6884755F19E6D7E100F0A416 /* LaunchScreen.xib */; };
		6884757719E6DE9400F0A416 /* CPPreviewView.swift in Sources */ = {isa = PBXBuildFile; fileRef = 6884757619E6DE9400F0A416 /* CPPreviewView.swift */; };
		6884757919E6DF4200F0A416 /* AVFoundation.framework in Frameworks */ = {isa = PBXBuildFile; fileRef = 6884757819E6DF4200F0A416 /* AVFoundation.framework */; };
		6884758119E808A500F0A416 /* Extension.swift in Sources */ = {isa = PBXBuildFile; fileRef = 6884758019E808A500F0A416 /* Extension.swift */; };
		6884758319E81DBE00F0A416 /* AssetsLibrary.framework in Frameworks */ = {isa = PBXBuildFile; fileRef = 6884758219E81DBE00F0A416 /* AssetsLibrary.framework */; };
/* End PBXBuildFile section */

/* Begin PBXFileReference section */
		682A3DC919FE3DA200680AAF /* ValuedButton.swift */ = {isa = PBXFileReference; fileEncoding = 4; lastKnownFileType = sourcecode.swift; path = ValuedButton.swift; sourceTree = "<group>"; };
		68332FEB19F7FEDB006CF89F /* CameraViewController.swift */ = {isa = PBXFileReference; fileEncoding = 4; lastKnownFileType = sourcecode.swift; path = CameraViewController.swift; sourceTree = "<group>"; };
		6855A6D61A03D72500728244 /* ExposureControl.swift */ = {isa = PBXFileReference; fileEncoding = 4; lastKnownFileType = sourcecode.swift; name = ExposureControl.swift; path = controls/ExposureControl.swift; sourceTree = "<group>"; };
		6871761B1A0277E00008F0F0 /* FocusControl.swift */ = {isa = PBXFileReference; fileEncoding = 4; lastKnownFileType = sourcecode.swift; name = FocusControl.swift; path = controls/FocusControl.swift; sourceTree = "<group>"; };
		6884755119E6D7E100F0A416 /* capa.app */ = {isa = PBXFileReference; explicitFileType = wrapper.application; includeInIndex = 0; path = capa.app; sourceTree = BUILT_PRODUCTS_DIR; };
		6884755519E6D7E100F0A416 /* Info.plist */ = {isa = PBXFileReference; lastKnownFileType = text.plist.xml; path = Info.plist; sourceTree = "<group>"; };
		6884755619E6D7E100F0A416 /* AppDelegate.swift */ = {isa = PBXFileReference; lastKnownFileType = sourcecode.swift; path = AppDelegate.swift; sourceTree = "<group>"; };
		6884755B19E6D7E100F0A416 /* Base */ = {isa = PBXFileReference; lastKnownFileType = file.storyboard; name = Base; path = Base.lproj/Main.storyboard; sourceTree = "<group>"; };
		6884755D19E6D7E100F0A416 /* Images.xcassets */ = {isa = PBXFileReference; lastKnownFileType = folder.assetcatalog; path = Images.xcassets; sourceTree = "<group>"; };
		6884756019E6D7E100F0A416 /* Base */ = {isa = PBXFileReference; lastKnownFileType = file.xib; name = Base; path = Base.lproj/LaunchScreen.xib; sourceTree = "<group>"; };
		6884757619E6DE9400F0A416 /* CPPreviewView.swift */ = {isa = PBXFileReference; fileEncoding = 4; lastKnownFileType = sourcecode.swift; path = CPPreviewView.swift; sourceTree = "<group>"; };
		6884757819E6DF4200F0A416 /* AVFoundation.framework */ = {isa = PBXFileReference; lastKnownFileType = wrapper.framework; name = AVFoundation.framework; path = System/Library/Frameworks/AVFoundation.framework; sourceTree = SDKROOT; };
		6884758019E808A500F0A416 /* Extension.swift */ = {isa = PBXFileReference; fileEncoding = 4; lastKnownFileType = sourcecode.swift; path = Extension.swift; sourceTree = "<group>"; };
		6884758219E81DBE00F0A416 /* AssetsLibrary.framework */ = {isa = PBXFileReference; lastKnownFileType = wrapper.framework; name = AssetsLibrary.framework; path = System/Library/Frameworks/AssetsLibrary.framework; sourceTree = SDKROOT; };
/* End PBXFileReference section */

/* Begin PBXFrameworksBuildPhase section */
		6884754E19E6D7E100F0A416 /* Frameworks */ = {
			isa = PBXFrameworksBuildPhase;
			buildActionMask = 2147483647;
			files = (
				6884758319E81DBE00F0A416 /* AssetsLibrary.framework in Frameworks */,
				6884757919E6DF4200F0A416 /* AVFoundation.framework in Frameworks */,
			);
			runOnlyForDeploymentPostprocessing = 0;
		};
/* End PBXFrameworksBuildPhase section */

/* Begin PBXGroup section */
		6871761A1A0277B90008F0F0 /* controls */ = {
			isa = PBXGroup;
			children = (
				6871761B1A0277E00008F0F0 /* FocusControl.swift */,
				6855A6D61A03D72500728244 /* ExposureControl.swift */,
			);
			name = controls;
			sourceTree = "<group>";
		};
		6884754819E6D7E100F0A416 = {
			isa = PBXGroup;
			children = (
				6884758219E81DBE00F0A416 /* AssetsLibrary.framework */,
				6884757819E6DF4200F0A416 /* AVFoundation.framework */,
				6884755319E6D7E100F0A416 /* capa */,
				6884755219E6D7E100F0A416 /* Products */,
			);
			sourceTree = "<group>";
		};
		6884755219E6D7E100F0A416 /* Products */ = {
			isa = PBXGroup;
			children = (
				6884755119E6D7E100F0A416 /* capa.app */,
			);
			name = Products;
			sourceTree = "<group>";
		};
		6884755319E6D7E100F0A416 /* capa */ = {
			isa = PBXGroup;
			children = (
				6871761A1A0277B90008F0F0 /* controls */,
				6884755619E6D7E100F0A416 /* AppDelegate.swift */,
				682A3DC919FE3DA200680AAF /* ValuedButton.swift */,
				68332FEB19F7FEDB006CF89F /* CameraViewController.swift */,
				6884755A19E6D7E100F0A416 /* Main.storyboard */,
				6884755D19E6D7E100F0A416 /* Images.xcassets */,
				6884755F19E6D7E100F0A416 /* LaunchScreen.xib */,
				6884755419E6D7E100F0A416 /* Supporting Files */,
				6884757619E6DE9400F0A416 /* CPPreviewView.swift */,
				6884758019E808A500F0A416 /* Extension.swift */,
			);
			path = capa;
			sourceTree = "<group>";
		};
		6884755419E6D7E100F0A416 /* Supporting Files */ = {
			isa = PBXGroup;
			children = (
				6884755519E6D7E100F0A416 /* Info.plist */,
			);
			name = "Supporting Files";
			sourceTree = "<group>";
		};
/* End PBXGroup section */

/* Begin PBXNativeTarget section */
		6884755019E6D7E100F0A416 /* capa */ = {
			isa = PBXNativeTarget;
			buildConfigurationList = 6884757019E6D7E100F0A416 /* Build configuration list for PBXNativeTarget "capa" */;
			buildPhases = (
				6884754D19E6D7E100F0A416 /* Sources */,
				6884754E19E6D7E100F0A416 /* Frameworks */,
				6884754F19E6D7E100F0A416 /* Resources */,
			);
			buildRules = (
			);
			dependencies = (
			);
			name = capa;
			productName = capa;
			productReference = 6884755119E6D7E100F0A416 /* capa.app */;
			productType = "com.apple.product-type.application";
		};
/* End PBXNativeTarget section */

/* Begin PBXProject section */
		6884754919E6D7E100F0A416 /* Project object */ = {
			isa = PBXProject;
			attributes = {
				LastUpgradeCheck = 0600;
				ORGANIZATIONNAME = "秦 道平";
				TargetAttributes = {
					6884755019E6D7E100F0A416 = {
						CreatedOnToolsVersion = 6.0.1;
					};
				};
			};
			buildConfigurationList = 6884754C19E6D7E100F0A416 /* Build configuration list for PBXProject "capa" */;
			compatibilityVersion = "Xcode 3.2";
			developmentRegion = English;
			hasScannedForEncodings = 0;
			knownRegions = (
				en,
				Base,
			);
			mainGroup = 6884754819E6D7E100F0A416;
			productRefGroup = 6884755219E6D7E100F0A416 /* Products */;
			projectDirPath = "";
			projectRoot = "";
			targets = (
				6884755019E6D7E100F0A416 /* capa */,
			);
		};
/* End PBXProject section */

/* Begin PBXResourcesBuildPhase section */
		6884754F19E6D7E100F0A416 /* Resources */ = {
			isa = PBXResourcesBuildPhase;
			buildActionMask = 2147483647;
			files = (
				6884755C19E6D7E100F0A416 /* Main.storyboard in Resources */,
				6884756119E6D7E100F0A416 /* LaunchScreen.xib in Resources */,
				6884755E19E6D7E100F0A416 /* Images.xcassets in Resources */,
			);
			runOnlyForDeploymentPostprocessing = 0;
		};
/* End PBXResourcesBuildPhase section */

/* Begin PBXSourcesBuildPhase section */
		6884754D19E6D7E100F0A416 /* Sources */ = {
			isa = PBXSourcesBuildPhase;
			buildActionMask = 2147483647;
			files = (
				68332FEC19F7FEDB006CF89F /* CameraViewController.swift in Sources */,
				6884755719E6D7E100F0A416 /* AppDelegate.swift in Sources */,
				6884757719E6DE9400F0A416 /* CPPreviewView.swift in Sources */,
				6855A6D71A03D72500728244 /* ExposureControl.swift in Sources */,
				6871761C1A0277E00008F0F0 /* FocusControl.swift in Sources */,
				682A3DCA19FE3DA200680AAF /* ValuedButton.swift in Sources */,
				6884758119E808A500F0A416 /* Extension.swift in Sources */,
			);
			runOnlyForDeploymentPostprocessing = 0;
		};
/* End PBXSourcesBuildPhase section */

/* Begin PBXVariantGroup section */
		6884755A19E6D7E100F0A416 /* Main.storyboard */ = {
			isa = PBXVariantGroup;
			children = (
				6884755B19E6D7E100F0A416 /* Base */,
			);
			name = Main.storyboard;
			sourceTree = "<group>";
		};
		6884755F19E6D7E100F0A416 /* LaunchScreen.xib */ = {
			isa = PBXVariantGroup;
			children = (
				6884756019E6D7E100F0A416 /* Base */,
			);
			name = LaunchScreen.xib;
			sourceTree = "<group>";
		};
/* End PBXVariantGroup section */

/* Begin XCBuildConfiguration section */
		6884756E19E6D7E100F0A416 /* Debug */ = {
			isa = XCBuildConfiguration;
			buildSettings = {
				ALWAYS_SEARCH_USER_PATHS = NO;
				CLANG_CXX_LANGUAGE_STANDARD = "gnu++0x";
				CLANG_CXX_LIBRARY = "libc++";
				CLANG_ENABLE_MODULES = YES;
				CLANG_ENABLE_OBJC_ARC = YES;
				CLANG_WARN_BOOL_CONVERSION = YES;
				CLANG_WARN_CONSTANT_CONVERSION = YES;
				CLANG_WARN_DIRECT_OBJC_ISA_USAGE = YES_ERROR;
				CLANG_WARN_EMPTY_BODY = YES;
				CLANG_WARN_ENUM_CONVERSION = YES;
				CLANG_WARN_INT_CONVERSION = YES;
				CLANG_WARN_OBJC_ROOT_CLASS = YES_ERROR;
				CLANG_WARN_UNREACHABLE_CODE = YES;
				CLANG_WARN__DUPLICATE_METHOD_MATCH = YES;
				"CODE_SIGN_IDENTITY[sdk=iphoneos*]" = "iPhone Developer";
				COPY_PHASE_STRIP = NO;
				ENABLE_STRICT_OBJC_MSGSEND = YES;
				GCC_C_LANGUAGE_STANDARD = gnu99;
				GCC_DYNAMIC_NO_PIC = NO;
				GCC_OPTIMIZATION_LEVEL = 0;
				GCC_PREPROCESSOR_DEFINITIONS = (
					"DEBUG=1",
					"$(inherited)",
				);
				GCC_SYMBOLS_PRIVATE_EXTERN = NO;
				GCC_WARN_64_TO_32_BIT_CONVERSION = YES;
				GCC_WARN_ABOUT_RETURN_TYPE = YES_ERROR;
				GCC_WARN_UNDECLARED_SELECTOR = YES;
				GCC_WARN_UNINITIALIZED_AUTOS = YES_AGGRESSIVE;
				GCC_WARN_UNUSED_FUNCTION = YES;
				GCC_WARN_UNUSED_VARIABLE = YES;
				IPHONEOS_DEPLOYMENT_TARGET = 8.0;
				MTL_ENABLE_DEBUG_INFO = YES;
				ONLY_ACTIVE_ARCH = YES;
				SDKROOT = iphoneos;
				SWIFT_OPTIMIZATION_LEVEL = "-Onone";
			};
			name = Debug;
		};
		6884756F19E6D7E100F0A416 /* Release */ = {
			isa = XCBuildConfiguration;
			buildSettings = {
				ALWAYS_SEARCH_USER_PATHS = NO;
				CLANG_CXX_LANGUAGE_STANDARD = "gnu++0x";
				CLANG_CXX_LIBRARY = "libc++";
				CLANG_ENABLE_MODULES = YES;
				CLANG_ENABLE_OBJC_ARC = YES;
				CLANG_WARN_BOOL_CONVERSION = YES;
				CLANG_WARN_CONSTANT_CONVERSION = YES;
				CLANG_WARN_DIRECT_OBJC_ISA_USAGE = YES_ERROR;
				CLANG_WARN_EMPTY_BODY = YES;
				CLANG_WARN_ENUM_CONVERSION = YES;
				CLANG_WARN_INT_CONVERSION = YES;
				CLANG_WARN_OBJC_ROOT_CLASS = YES_ERROR;
				CLANG_WARN_UNREACHABLE_CODE = YES;
				CLANG_WARN__DUPLICATE_METHOD_MATCH = YES;
				"CODE_SIGN_IDENTITY[sdk=iphoneos*]" = "iPhone Developer";
				COPY_PHASE_STRIP = YES;
				ENABLE_NS_ASSERTIONS = NO;
				ENABLE_STRICT_OBJC_MSGSEND = YES;
				GCC_C_LANGUAGE_STANDARD = gnu99;
				GCC_WARN_64_TO_32_BIT_CONVERSION = YES;
				GCC_WARN_ABOUT_RETURN_TYPE = YES_ERROR;
				GCC_WARN_UNDECLARED_SELECTOR = YES;
				GCC_WARN_UNINITIALIZED_AUTOS = YES_AGGRESSIVE;
				GCC_WARN_UNUSED_FUNCTION = YES;
				GCC_WARN_UNUSED_VARIABLE = YES;
				IPHONEOS_DEPLOYMENT_TARGET = 8.0;
				MTL_ENABLE_DEBUG_INFO = NO;
				SDKROOT = iphoneos;
				VALIDATE_PRODUCT = YES;
			};
			name = Release;
		};
		6884757119E6D7E100F0A416 /* Debug */ = {
			isa = XCBuildConfiguration;
			buildSettings = {
				ASSETCATALOG_COMPILER_APPICON_NAME = AppIcon;
				INFOPLIST_FILE = capa/Info.plist;
				LD_RUNPATH_SEARCH_PATHS = "$(inherited) @executable_path/Frameworks";
				PRODUCT_NAME = "$(TARGET_NAME)";
			};
			name = Debug;
		};
		6884757219E6D7E100F0A416 /* Release */ = {
			isa = XCBuildConfiguration;
			buildSettings = {
				ASSETCATALOG_COMPILER_APPICON_NAME = AppIcon;
				INFOPLIST_FILE = capa/Info.plist;
				LD_RUNPATH_SEARCH_PATHS = "$(inherited) @executable_path/Frameworks";
				PRODUCT_NAME = "$(TARGET_NAME)";
			};
			name = Release;
		};
/* End XCBuildConfiguration section */

/* Begin XCConfigurationList section */
		6884754C19E6D7E100F0A416 /* Build configuration list for PBXProject "capa" */ = {
			isa = XCConfigurationList;
			buildConfigurations = (
				6884756E19E6D7E100F0A416 /* Debug */,
				6884756F19E6D7E100F0A416 /* Release */,
			);
			defaultConfigurationIsVisible = 0;
			defaultConfigurationName = Release;
		};
		6884757019E6D7E100F0A416 /* Build configuration list for PBXNativeTarget "capa" */ = {
			isa = XCConfigurationList;
			buildConfigurations = (
				6884757119E6D7E100F0A416 /* Debug */,
				6884757219E6D7E100F0A416 /* Release */,
			);
			defaultConfigurationIsVisible = 0;
			defaultConfigurationName = Release;
		};
/* End XCConfigurationList section */
	};
	rootObject = 6884754919E6D7E100F0A416 /* Project object */;
}
